
Microsoft Visual Studio Solution File, Format Version 12.00
# Visual Studio Version 17
VisualStudioVersion = 17.4.33213.308
MinimumVisualStudioVersion = 10.0.40219.1
Project("{9A19103F-16F7-4668-BE54-9A1E7A4F7556}") = "lib_repositorios", "lib_repositorios\lib_repositorios.csproj", "{FC5C6B75-785B-4EC1-95EC-A3C55F901861}"
EndProject
Project("{9A19103F-16F7-4668-BE54-9A1E7A4F7556}") = "lib_entidades", "lib_entidades\lib_entidades.csproj", "{E5175883-0E98-4547-9339-F7267ECDE9CB}"
EndProject
Project("{9A19103F-16F7-4668-BE54-9A1E7A4F7556}") = "mts_pruebas_unitarias", "mts_pruebas_unitarias\mts_pruebas_unitarias.csproj", "{75E7ED53-AE63-4CBB-BB7C-4D2CD0CFB35E}"
EndProject
Project("{2150E333-8FDC-42A3-9474-1A3956D46DE8}") = "Solution Items", "Solution Items", "{75F80AEF-2ADA-4BF6-AD66-2CF6F950E9F8}"
	ProjectSection(SolutionItems) = preProject
		.gitignore = .gitignore
		ReadMe.md = ReadMe.md
	EndProjectSection
EndProject
Global
	GlobalSection(SolutionConfigurationPlatforms) = preSolution
		Debug|Any CPU = Debug|Any CPU
		Release|Any CPU = Release|Any CPU
	EndGlobalSection
	GlobalSection(ProjectConfigurationPlatforms) = postSolution
		{FC5C6B75-785B-4EC1-95EC-A3C55F901861}.Debug|Any CPU.ActiveCfg = Debug|Any CPU
		{FC5C6B75-785B-4EC1-95EC-A3C55F901861}.Debug|Any CPU.Build.0 = Debug|Any CPU
		{FC5C6B75-785B-4EC1-95EC-A3C55F901861}.Release|Any CPU.ActiveCfg = Release|Any CPU
		{FC5C6B75-785B-4EC1-95EC-A3C55F901861}.Release|Any CPU.Build.0 = Release|Any CPU
		{E5175883-0E98-4547-9339-F7267ECDE9CB}.Debug|Any CPU.ActiveCfg = Debug|Any CPU
		{E5175883-0E98-4547-9339-F7267ECDE9CB}.Debug|Any CPU.Build.0 = Debug|Any CPU
		{E5175883-0E98-4547-9339-F7267ECDE9CB}.Release|Any CPU.ActiveCfg = Release|Any CPU
		{E5175883-0E98-4547-9339-F7267ECDE9CB}.Release|Any CPU.Build.0 = Release|Any CPU
		{75E7ED53-AE63-4CBB-BB7C-4D2CD0CFB35E}.Debug|Any CPU.ActiveCfg = Debug|Any CPU
		{75E7ED53-AE63-4CBB-BB7C-4D2CD0CFB35E}.Debug|Any CPU.Build.0 = Debug|Any CPU
		{75E7ED53-AE63-4CBB-BB7C-4D2CD0CFB35E}.Release|Any CPU.ActiveCfg = Release|Any CPU
		{75E7ED53-AE63-4CBB-BB7C-4D2CD0CFB35E}.Release|Any CPU.Build.0 = Release|Any CPU
	EndGlobalSection
	GlobalSection(SolutionProperties) = preSolution
		HideSolutionNode = FALSE
	EndGlobalSection
	GlobalSection(ExtensibilityGlobals) = postSolution
		SolutionGuid = {276CB6A3-0BCE-4C23-A92A-9AB6A640A087}
	EndGlobalSection
EndGlobal
